
Microsoft Visual Studio Solution File, Format Version 12.00
# Visual Studio Version 16
VisualStudioVersion = 16.0.28922.388
MinimumVisualStudioVersion = 10.0.40219.1
Project("{9A19103F-16F7-4668-BE54-9A1E7A4F7556}") = "Client", "Client\Client.csproj", "{94ED1247-C688-4BB6-85F7-954E2BD405B5}"
EndProject
Project("{9A19103F-16F7-4668-BE54-9A1E7A4F7556}") = "Data", "Data\Data.csproj", "{5956626D-B56F-4BD9-A89A-76EA7A41D423}"
EndProject
Project("{9A19103F-16F7-4668-BE54-9A1E7A4F7556}") = "Domain", "Domain\Domain.csproj", "{525FF15F-CC7C-49D2-AE60-C1E2572FECC9}"
EndProject
Project("{9A19103F-16F7-4668-BE54-9A1E7A4F7556}") = "WebApplication", "WebApplication\WebApplication.csproj", "{0FB5743D-2403-4062-9B07-D03B19435577}"
EndProject
Global
	GlobalSection(SolutionConfigurationPlatforms) = preSolution
		Debug|Any CPU = Debug|Any CPU
		Release|Any CPU = Release|Any CPU
	EndGlobalSection
	GlobalSection(ProjectConfigurationPlatforms) = postSolution
		{94ED1247-C688-4BB6-85F7-954E2BD405B5}.Debug|Any CPU.ActiveCfg = Debug|Any CPU
		{94ED1247-C688-4BB6-85F7-954E2BD405B5}.Debug|Any CPU.Build.0 = Debug|Any CPU
		{94ED1247-C688-4BB6-85F7-954E2BD405B5}.Release|Any CPU.ActiveCfg = Release|Any CPU
		{94ED1247-C688-4BB6-85F7-954E2BD405B5}.Release|Any CPU.Build.0 = Release|Any CPU
		{5956626D-B56F-4BD9-A89A-76EA7A41D423}.Debug|Any CPU.ActiveCfg = Debug|Any CPU
		{5956626D-B56F-4BD9-A89A-76EA7A41D423}.Debug|Any CPU.Build.0 = Debug|Any CPU
		{5956626D-B56F-4BD9-A89A-76EA7A41D423}.Release|Any CPU.ActiveCfg = Release|Any CPU
		{5956626D-B56F-4BD9-A89A-76EA7A41D423}.Release|Any CPU.Build.0 = Release|Any CPU
		{525FF15F-CC7C-49D2-AE60-C1E2572FECC9}.Debug|Any CPU.ActiveCfg = Debug|Any CPU
		{525FF15F-CC7C-49D2-AE60-C1E2572FECC9}.Debug|Any CPU.Build.0 = Debug|Any CPU
		{525FF15F-CC7C-49D2-AE60-C1E2572FECC9}.Release|Any CPU.ActiveCfg = Release|Any CPU
		{525FF15F-CC7C-49D2-AE60-C1E2572FECC9}.Release|Any CPU.Build.0 = Release|Any CPU
		{0FB5743D-2403-4062-9B07-D03B19435577}.Debug|Any CPU.ActiveCfg = Debug|Any CPU
		{0FB5743D-2403-4062-9B07-D03B19435577}.Debug|Any CPU.Build.0 = Debug|Any CPU
		{0FB5743D-2403-4062-9B07-D03B19435577}.Release|Any CPU.ActiveCfg = Release|Any CPU
		{0FB5743D-2403-4062-9B07-D03B19435577}.Release|Any CPU.Build.0 = Release|Any CPU
	EndGlobalSection
	GlobalSection(SolutionProperties) = preSolution
		HideSolutionNode = FALSE
	EndGlobalSection
	GlobalSection(ExtensibilityGlobals) = postSolution
		SolutionGuid = {A34C76EF-4FE9-4CF2-BFEC-A772813F63FE}
	EndGlobalSection
EndGlobal
